
Microsoft Visual Studio Solution File, Format Version 12.00
# Visual Studio Version 16
VisualStudioVersion = 16.0.30804.86
MinimumVisualStudioVersion = 10.0.40219.1
Project("{FAE04EC0-301F-11D3-BF4B-00C04F79EFBC}") = "MusicApp.UWP", "MusicApp\MusicApp.UWP\MusicApp.UWP.csproj", "{65FDA849-C6A5-4537-90B0-CA0EA8A8703E}"
EndProject
Project("{FAE04EC0-301F-11D3-BF4B-00C04F79EFBC}") = "MusicApp.Android", "MusicApp\MusicApp.Android\MusicApp.Android.csproj", "{4DF1BC22-43A9-4171-B13C-5A6E3A3C4FAD}"
EndProject
Project("{FAE04EC0-301F-11D3-BF4B-00C04F79EFBC}") = "MusicApp.iOS", "MusicApp\MusicApp.iOS\MusicApp.iOS.csproj", "{EDDC0652-5DE8-40CF-B86C-64DB79E6E274}"
EndProject
Project("{FAE04EC0-301F-11D3-BF4B-00C04F79EFBC}") = "MusicApp", "MusicApp\MusicApp\MusicApp.csproj", "{61BD78F4-725F-4116-823C-25ACE9F1437C}"
EndProject
Global
	GlobalSection(SolutionConfigurationPlatforms) = preSolution
		Debug|Any CPU = Debug|Any CPU
		Debug|ARM = Debug|ARM
		Debug|iPhone = Debug|iPhone
		Debug|iPhoneSimulator = Debug|iPhoneSimulator
		Debug|x64 = Debug|x64
		Debug|x86 = Debug|x86
		Release|Any CPU = Release|Any CPU
		Release|ARM = Release|ARM
		Release|iPhone = Release|iPhone
		Release|iPhoneSimulator = Release|iPhoneSimulator
		Release|x64 = Release|x64
		Release|x86 = Release|x86
	EndGlobalSection
	GlobalSection(ProjectConfigurationPlatforms) = postSolution
		{65FDA849-C6A5-4537-90B0-CA0EA8A8703E}.Debug|Any CPU.ActiveCfg = Debug|x86
		{65FDA849-C6A5-4537-90B0-CA0EA8A8703E}.Debug|Any CPU.Build.0 = Debug|x86
		{65FDA849-C6A5-4537-90B0-CA0EA8A8703E}.Debug|Any CPU.Deploy.0 = Debug|x86
		{65FDA849-C6A5-4537-90B0-CA0EA8A8703E}.Debug|ARM.ActiveCfg = Debug|ARM
		{65FDA849-C6A5-4537-90B0-CA0EA8A8703E}.Debug|ARM.Build.0 = Debug|ARM
		{65FDA849-C6A5-4537-90B0-CA0EA8A8703E}.Debug|ARM.Deploy.0 = Debug|ARM
		{65FDA849-C6A5-4537-90B0-CA0EA8A8703E}.Debug|iPhone.ActiveCfg = Debug|x86
		{65FDA849-C6A5-4537-90B0-CA0EA8A8703E}.Debug|iPhone.Build.0 = Debug|x86
		{65FDA849-C6A5-4537-90B0-CA0EA8A8703E}.Debug|iPhone.Deploy.0 = Debug|x86
		{65FDA849-C6A5-4537-90B0-CA0EA8A8703E}.Debug|iPhoneSimulator.ActiveCfg = Debug|x86
		{65FDA849-C6A5-4537-90B0-CA0EA8A8703E}.Debug|iPhoneSimulator.Build.0 = Debug|x86
		{65FDA849-C6A5-4537-90B0-CA0EA8A8703E}.Debug|iPhoneSimulator.Deploy.0 = Debug|x86
		{65FDA849-C6A5-4537-90B0-CA0EA8A8703E}.Debug|x64.ActiveCfg = Debug|x64
		{65FDA849-C6A5-4537-90B0-CA0EA8A8703E}.Debug|x64.Build.0 = Debug|x64
		{65FDA849-C6A5-4537-90B0-CA0EA8A8703E}.Debug|x64.Deploy.0 = Debug|x64
		{65FDA849-C6A5-4537-90B0-CA0EA8A8703E}.Debug|x86.ActiveCfg = Debug|x86
		{65FDA849-C6A5-4537-90B0-CA0EA8A8703E}.Debug|x86.Build.0 = Debug|x86
		{65FDA849-C6A5-4537-90B0-CA0EA8A8703E}.Debug|x86.Deploy.0 = Debug|x86
		{65FDA849-C6A5-4537-90B0-CA0EA8A8703E}.Release|Any CPU.ActiveCfg = Release|x86
		{65FDA849-C6A5-4537-90B0-CA0EA8A8703E}.Release|Any CPU.Build.0 = Release|x86
		{65FDA849-C6A5-4537-90B0-CA0EA8A8703E}.Release|Any CPU.Deploy.0 = Release|x86
		{65FDA849-C6A5-4537-90B0-CA0EA8A8703E}.Release|ARM.ActiveCfg = Release|ARM
		{65FDA849-C6A5-4537-90B0-CA0EA8A8703E}.Release|ARM.Build.0 = Release|ARM
		{65FDA849-C6A5-4537-90B0-CA0EA8A8703E}.Release|ARM.Deploy.0 = Release|ARM
		{65FDA849-C6A5-4537-90B0-CA0EA8A8703E}.Release|iPhone.ActiveCfg = Release|x86
		{65FDA849-C6A5-4537-90B0-CA0EA8A8703E}.Release|iPhone.Build.0 = Release|x86
		{65FDA849-C6A5-4537-90B0-CA0EA8A8703E}.Release|iPhone.Deploy.0 = Release|x86
		{65FDA849-C6A5-4537-90B0-CA0EA8A8703E}.Release|iPhoneSimulator.ActiveCfg = Release|x86
		{65FDA849-C6A5-4537-90B0-CA0EA8A8703E}.Release|iPhoneSimulator.Build.0 = Release|x86
		{65FDA849-C6A5-4537-90B0-CA0EA8A8703E}.Release|iPhoneSimulator.Deploy.0 = Release|x86
		{65FDA849-C6A5-4537-90B0-CA0EA8A8703E}.Release|x64.ActiveCfg = Release|x64
		{65FDA849-C6A5-4537-90B0-CA0EA8A8703E}.Release|x64.Build.0 = Release|x64
		{65FDA849-C6A5-4537-90B0-CA0EA8A8703E}.Release|x64.Deploy.0 = Release|x64
		{65FDA849-C6A5-4537-90B0-CA0EA8A8703E}.Release|x86.ActiveCfg = Release|x86
		{65FDA849-C6A5-4537-90B0-CA0EA8A8703E}.Release|x86.Build.0 = Release|x86
		{65FDA849-C6A5-4537-90B0-CA0EA8A8703E}.Release|x86.Deploy.0 = Release|x86
		{4DF1BC22-43A9-4171-B13C-5A6E3A3C4FAD}.Debug|Any CPU.ActiveCfg = Debug|Any CPU
		{4DF1BC22-43A9-4171-B13C-5A6E3A3C4FAD}.Debug|Any CPU.Build.0 = Debug|Any CPU
		{4DF1BC22-43A9-4171-B13C-5A6E3A3C4FAD}.Debug|Any CPU.Deploy.0 = Debug|Any CPU
		{4DF1BC22-43A9-4171-B13C-5A6E3A3C4FAD}.Debug|ARM.ActiveCfg = Debug|Any CPU
		{4DF1BC22-43A9-4171-B13C-5A6E3A3C4FAD}.Debug|ARM.Build.0 = Debug|Any CPU
		{4DF1BC22-43A9-4171-B13C-5A6E3A3C4FAD}.Debug|ARM.Deploy.0 = Debug|Any CPU
		{4DF1BC22-43A9-4171-B13C-5A6E3A3C4FAD}.Debug|iPhone.ActiveCfg = Debug|Any CPU
		{4DF1BC22-43A9-4171-B13C-5A6E3A3C4FAD}.Debug|iPhone.Build.0 = Debug|Any CPU
		{4DF1BC22-43A9-4171-B13C-5A6E3A3C4FAD}.Debug|iPhone.Deploy.0 = Debug|Any CPU
		{4DF1BC22-43A9-4171-B13C-5A6E3A3C4FAD}.Debug|iPhoneSimulator.ActiveCfg = Debug|Any CPU
		{4DF1BC22-43A9-4171-B13C-5A6E3A3C4FAD}.Debug|iPhoneSimulator.Build.0 = Debug|Any CPU
		{4DF1BC22-43A9-4171-B13C-5A6E3A3C4FAD}.Debug|iPhoneSimulator.Deploy.0 = Debug|Any CPU
		{4DF1BC22-43A9-4171-B13C-5A6E3A3C4FAD}.Debug|x64.ActiveCfg = Debug|Any CPU
		{4DF1BC22-43A9-4171-B13C-5A6E3A3C4FAD}.Debug|x64.Build.0 = Debug|Any CPU
		{4DF1BC22-43A9-4171-B13C-5A6E3A3C4FAD}.Debug|x64.Deploy.0 = Debug|Any CPU
		{4DF1BC22-43A9-4171-B13C-5A6E3A3C4FAD}.Debug|x86.ActiveCfg = Debug|Any CPU
		{4DF1BC22-43A9-4171-B13C-5A6E3A3C4FAD}.Debug|x86.Build.0 = Debug|Any CPU
		{4DF1BC22-43A9-4171-B13C-5A6E3A3C4FAD}.Debug|x86.Deploy.0 = Debug|Any CPU
		{4DF1BC22-43A9-4171-B13C-5A6E3A3C4FAD}.Release|Any CPU.ActiveCfg = Release|Any CPU
		{4DF1BC22-43A9-4171-B13C-5A6E3A3C4FAD}.Release|Any CPU.Build.0 = Release|Any CPU
		{4DF1BC22-43A9-4171-B13C-5A6E3A3C4FAD}.Release|Any CPU.Deploy.0 = Release|Any CPU
		{4DF1BC22-43A9-4171-B13C-5A6E3A3C4FAD}.Release|ARM.ActiveCfg = Release|Any CPU
		{4DF1BC22-43A9-4171-B13C-5A6E3A3C4FAD}.Release|ARM.Build.0 = Release|Any CPU
		{4DF1BC22-43A9-4171-B13C-5A6E3A3C4FAD}.Release|ARM.Deploy.0 = Release|Any CPU
		{4DF1BC22-43A9-4171-B13C-5A6E3A3C4FAD}.Release|iPhone.ActiveCfg = Release|Any CPU
		{4DF1BC22-43A9-4171-B13C-5A6E3A3C4FAD}.Release|iPhone.Build.0 = Release|Any CPU
		{4DF1BC22-43A9-4171-B13C-5A6E3A3C4FAD}.Release|iPhone.Deploy.0 = Release|Any CPU
		{4DF1BC22-43A9-4171-B13C-5A6E3A3C4FAD}.Release|iPhoneSimulator.ActiveCfg = Release|Any CPU
		{4DF1BC22-43A9-4171-B13C-5A6E3A3C4FAD}.Release|iPhoneSimulator.Build.0 = Release|Any CPU
		{4DF1BC22-43A9-4171-B13C-5A6E3A3C4FAD}.Release|iPhoneSimulator.Deploy.0 = Release|Any CPU
		{4DF1BC22-43A9-4171-B13C-5A6E3A3C4FAD}.Release|x64.ActiveCfg = Release|Any CPU
		{4DF1BC22-43A9-4171-B13C-5A6E3A3C4FAD}.Release|x64.Build.0 = Release|Any CPU
		{4DF1BC22-43A9-4171-B13C-5A6E3A3C4FAD}.Release|x64.Deploy.0 = Release|Any CPU
		{4DF1BC22-43A9-4171-B13C-5A6E3A3C4FAD}.Release|x86.ActiveCfg = Release|Any CPU
		{4DF1BC22-43A9-4171-B13C-5A6E3A3C4FAD}.Release|x86.Build.0 = Release|Any CPU
		{4DF1BC22-43A9-4171-B13C-5A6E3A3C4FAD}.Release|x86.Deploy.0 = Release|Any CPU
		{EDDC0652-5DE8-40CF-B86C-64DB79E6E274}.Debug|Any CPU.ActiveCfg = Debug|iPhoneSimulator
		{EDDC0652-5DE8-40CF-B86C-64DB79E6E274}.Debug|Any CPU.Build.0 = Debug|iPhoneSimulator
		{EDDC0652-5DE8-40CF-B86C-64DB79E6E274}.Debug|Any CPU.Deploy.0 = Debug|iPhoneSimulator
		{EDDC0652-5DE8-40CF-B86C-64DB79E6E274}.Debug|ARM.ActiveCfg = Debug|iPhone
		{EDDC0652-5DE8-40CF-B86C-64DB79E6E274}.Debug|ARM.Build.0 = Debug|iPhone
		{EDDC0652-5DE8-40CF-B86C-64DB79E6E274}.Debug|ARM.Deploy.0 = Debug|iPhone
		{EDDC0652-5DE8-40CF-B86C-64DB79E6E274}.Debug|iPhone.ActiveCfg = Debug|iPhone
		{EDDC0652-5DE8-40CF-B86C-64DB79E6E274}.Debug|iPhone.Build.0 = Debug|iPhone
		{EDDC0652-5DE8-40CF-B86C-64DB79E6E274}.Debug|iPhone.Deploy.0 = Debug|iPhone
		{EDDC0652-5DE8-40CF-B86C-64DB79E6E274}.Debug|iPhoneSimulator.ActiveCfg = Debug|iPhoneSimulator
		{EDDC0652-5DE8-40CF-B86C-64DB79E6E274}.Debug|iPhoneSimulator.Build.0 = Debug|iPhoneSimulator
		{EDDC0652-5DE8-40CF-B86C-64DB79E6E274}.Debug|iPhoneSimulator.Deploy.0 = Debug|iPhoneSimulator
		{EDDC0652-5DE8-40CF-B86C-64DB79E6E274}.Debug|x64.ActiveCfg = Debug|iPhoneSimulator
		{EDDC0652-5DE8-40CF-B86C-64DB79E6E274}.Debug|x64.Build.0 = Debug|iPhoneSimulator
		{EDDC0652-5DE8-40CF-B86C-64DB79E6E274}.Debug|x64.Deploy.0 = Debug|iPhoneSimulator
		{EDDC0652-5DE8-40CF-B86C-64DB79E6E274}.Debug|x86.ActiveCfg = Debug|iPhoneSimulator
		{EDDC0652-5DE8-40CF-B86C-64DB79E6E274}.Debug|x86.Build.0 = Debug|iPhoneSimulator
		{EDDC0652-5DE8-40CF-B86C-64DB79E6E274}.Debug|x86.Deploy.0 = Debug|iPhoneSimulator
		{EDDC0652-5DE8-40CF-B86C-64DB79E6E274}.Release|Any CPU.ActiveCfg = Release|iPhoneSimulator
		{EDDC0652-5DE8-40CF-B86C-64DB79E6E274}.Release|Any CPU.Build.0 = Release|iPhoneSimulator
		{EDDC0652-5DE8-40CF-B86C-64DB79E6E274}.Release|Any CPU.Deploy.0 = Release|iPhoneSimulator
		{EDDC0652-5DE8-40CF-B86C-64DB79E6E274}.Release|ARM.ActiveCfg = Release|iPhoneSimulator
		{EDDC0652-5DE8-40CF-B86C-64DB79E6E274}.Release|ARM.Build.0 = Release|iPhoneSimulator
		{EDDC0652-5DE8-40CF-B86C-64DB79E6E274}.Release|ARM.Deploy.0 = Release|iPhoneSimulator
		{EDDC0652-5DE8-40CF-B86C-64DB79E6E274}.Release|iPhone.ActiveCfg = Release|iPhone
		{EDDC0652-5DE8-40CF-B86C-64DB79E6E274}.Release|iPhone.Build.0 = Release|iPhone
		{EDDC0652-5DE8-40CF-B86C-64DB79E6E274}.Release|iPhone.Deploy.0 = Release|iPhone
		{EDDC0652-5DE8-40CF-B86C-64DB79E6E274}.Release|iPhoneSimulator.ActiveCfg = Release|iPhoneSimulator
		{EDDC0652-5DE8-40CF-B86C-64DB79E6E274}.Release|iPhoneSimulator.Build.0 = Release|iPhoneSimulator
		{EDDC0652-5DE8-40CF-B86C-64DB79E6E274}.Release|iPhoneSimulator.Deploy.0 = Release|iPhoneSimulator
		{EDDC0652-5DE8-40CF-B86C-64DB79E6E274}.Release|x64.ActiveCfg = Release|iPhoneSimulator
		{EDDC0652-5DE8-40CF-B86C-64DB79E6E274}.Release|x64.Build.0 = Release|iPhoneSimulator
		{EDDC0652-5DE8-40CF-B86C-64DB79E6E274}.Release|x64.Deploy.0 = Release|iPhoneSimulator
		{EDDC0652-5DE8-40CF-B86C-64DB79E6E274}.Release|x86.ActiveCfg = Release|iPhoneSimulator
		{EDDC0652-5DE8-40CF-B86C-64DB79E6E274}.Release|x86.Build.0 = Release|iPhoneSimulator
		{EDDC0652-5DE8-40CF-B86C-64DB79E6E274}.Release|x86.Deploy.0 = Release|iPhoneSimulator
		{61BD78F4-725F-4116-823C-25ACE9F1437C}.Debug|Any CPU.ActiveCfg = Debug|Any CPU
		{61BD78F4-725F-4116-823C-25ACE9F1437C}.Debug|Any CPU.Build.0 = Debug|Any CPU
		{61BD78F4-725F-4116-823C-25ACE9F1437C}.Debug|Any CPU.Deploy.0 = Debug|Any CPU
		{61BD78F4-725F-4116-823C-25ACE9F1437C}.Debug|ARM.ActiveCfg = Debug|Any CPU
		{61BD78F4-725F-4116-823C-25ACE9F1437C}.Debug|ARM.Build.0 = Debug|Any CPU
		{61BD78F4-725F-4116-823C-25ACE9F1437C}.Debug|ARM.Deploy.0 = Debug|Any CPU
		{61BD78F4-725F-4116-823C-25ACE9F1437C}.Debug|iPhone.ActiveCfg = Debug|Any CPU
		{61BD78F4-725F-4116-823C-25ACE9F1437C}.Debug|iPhone.Build.0 = Debug|Any CPU
		{61BD78F4-725F-4116-823C-25ACE9F1437C}.Debug|iPhone.Deploy.0 = Debug|Any CPU
		{61BD78F4-725F-4116-823C-25ACE9F1437C}.Debug|iPhoneSimulator.ActiveCfg = Debug|Any CPU
		{61BD78F4-725F-4116-823C-25ACE9F1437C}.Debug|iPhoneSimulator.Build.0 = Debug|Any CPU
		{61BD78F4-725F-4116-823C-25ACE9F1437C}.Debug|iPhoneSimulator.Deploy.0 = Debug|Any CPU
		{61BD78F4-725F-4116-823C-25ACE9F1437C}.Debug|x64.ActiveCfg = Debug|Any CPU
		{61BD78F4-725F-4116-823C-25ACE9F1437C}.Debug|x64.Build.0 = Debug|Any CPU
		{61BD78F4-725F-4116-823C-25ACE9F1437C}.Debug|x64.Deploy.0 = Debug|Any CPU
		{61BD78F4-725F-4116-823C-25ACE9F1437C}.Debug|x86.ActiveCfg = Debug|Any CPU
		{61BD78F4-725F-4116-823C-25ACE9F1437C}.Debug|x86.Build.0 = Debug|Any CPU
		{61BD78F4-725F-4116-823C-25ACE9F1437C}.Debug|x86.Deploy.0 = Debug|Any CPU
		{61BD78F4-725F-4116-823C-25ACE9F1437C}.Release|Any CPU.ActiveCfg = Release|Any CPU
		{61BD78F4-725F-4116-823C-25ACE9F1437C}.Release|Any CPU.Build.0 = Release|Any CPU
		{61BD78F4-725F-4116-823C-25ACE9F1437C}.Release|Any CPU.Deploy.0 = Release|Any CPU
		{61BD78F4-725F-4116-823C-25ACE9F1437C}.Release|ARM.ActiveCfg = Release|Any CPU
		{61BD78F4-725F-4116-823C-25ACE9F1437C}.Release|ARM.Build.0 = Release|Any CPU
		{61BD78F4-725F-4116-823C-25ACE9F1437C}.Release|ARM.Deploy.0 = Release|Any CPU
		{61BD78F4-725F-4116-823C-25ACE9F1437C}.Release|iPhone.ActiveCfg = Release|Any CPU
		{61BD78F4-725F-4116-823C-25ACE9F1437C}.Release|iPhone.Build.0 = Release|Any CPU
		{61BD78F4-725F-4116-823C-25ACE9F1437C}.Release|iPhone.Deploy.0 = Release|Any CPU
		{61BD78F4-725F-4116-823C-25ACE9F1437C}.Release|iPhoneSimulator.ActiveCfg = Release|Any CPU
		{61BD78F4-725F-4116-823C-25ACE9F1437C}.Release|iPhoneSimulator.Build.0 = Release|Any CPU
		{61BD78F4-725F-4116-823C-25ACE9F1437C}.Release|iPhoneSimulator.Deploy.0 = Release|Any CPU
		{61BD78F4-725F-4116-823C-25ACE9F1437C}.Release|x64.ActiveCfg = Release|Any CPU
		{61BD78F4-725F-4116-823C-25ACE9F1437C}.Release|x64.Build.0 = Release|Any CPU
		{61BD78F4-725F-4116-823C-25ACE9F1437C}.Release|x64.Deploy.0 = Release|Any CPU
		{61BD78F4-725F-4116-823C-25ACE9F1437C}.Release|x86.ActiveCfg = Release|Any CPU
		{61BD78F4-725F-4116-823C-25ACE9F1437C}.Release|x86.Build.0 = Release|Any CPU
		{61BD78F4-725F-4116-823C-25ACE9F1437C}.Release|x86.Deploy.0 = Release|Any CPU
	EndGlobalSection
	GlobalSection(SolutionProperties) = preSolution
		HideSolutionNode = FALSE
	EndGlobalSection
	GlobalSection(ExtensibilityGlobals) = postSolution
		SolutionGuid = {5C220E68-7569-4B0E-A754-951ACFBF47D0}
	EndGlobalSection
EndGlobal
